
Microsoft Visual Studio Solution File, Format Version 12.00
# Visual Studio Version 17
VisualStudioVersion = 17.0.31903.59
MinimumVisualStudioVersion = 10.0.40219.1
Project("{2150E333-8FDC-42A3-9474-1A3956D46DE8}") = "src", "src", "{827E0CD3-B72D-47B6-A68D-7590B98EB39B}"
EndProject
Project("{FAE04EC0-301F-11D3-BF4B-00C04F79EFBC}") = "MVMediaStudio", "src\MVMediaStudio\MVMediaStudio.csproj", "{2620AF9A-3BB9-4C20-BC88-EF90B649E820}"
EndProject
Project("{2150E333-8FDC-42A3-9474-1A3956D46DE8}") = "updater", "updater", "{E4D06EF3-4A34-0221-57B6-390073E3859C}"
EndProject
Project("{FAE04EC0-301F-11D3-BF4B-00C04F79EFBC}") = "MVMediaStudio.Updater", "updater\MVMediaStudio.Updater\MVMediaStudio.Updater.csproj", "{DEDFBD3E-E90F-4552-B0BB-9734766E790E}"
EndProject
Project("{2150E333-8FDC-42A3-9474-1A3956D46DE8}") = "tests", "tests", "{0AB3BF05-4346-4AA6-1389-037BE0695223}"
EndProject
Project("{FAE04EC0-301F-11D3-BF4B-00C04F79EFBC}") = "MVMediaStudio.Tests", "tests\MVMediaStudio.Tests\MVMediaStudio.Tests.csproj", "{07EB2B6E-1B7F-428A-B0AE-EF701CBCA3D4}"
EndProject
Project("{FAE04EC0-301F-11D3-BF4B-00C04F79EFBC}") = "MVMediaStudio.UiSmoke", "tests\MVMediaStudio.UiSmoke\MVMediaStudio.UiSmoke.csproj", "{0EE9DE29-23D5-421F-9FF8-D3715EC09F27}"
EndProject
Project("{FAE04EC0-301F-11D3-BF4B-00C04F79EFBC}") = "MVMediaStudio.IntegrationTests", "tests\MVMediaStudio.IntegrationTests\MVMediaStudio.IntegrationTests.csproj", "{8F81F034-1BAA-49E4-BEED-F36918448048}"
EndProject
Project("{FAE04EC0-301F-11D3-BF4B-00C04F79EFBC}") = "MVMediaStudio.JojIntegrationTests", "tests\MVMediaStudio.JojIntegrationTests\MVMediaStudio.JojIntegrationTests.csproj", "{8D55A1FB-4C2D-4B95-9F86-552860152366}"
EndProject
Project("{FAE04EC0-301F-11D3-BF4B-00C04F79EFBC}") = "MVMediaStudio.WebshareIntegrationTests", "tests\MVMediaStudio.WebshareIntegrationTests\MVMediaStudio.WebshareIntegrationTests.csproj", "{C9272B6B-2872-4A11-A4A4-C58F934CEECE}"
EndProject
Project("{2150E333-8FDC-42A3-9474-1A3956D46DE8}") = "packaging", "packaging", "{E927F87B-A585-A586-52B2-1371051E189F}"
EndProject
Project("{FAE04EC0-301F-11D3-BF4B-00C04F79EFBC}") = "MVMediaStudio.Distribution", "packaging\MVMediaStudio.Distribution\MVMediaStudio.Distribution.csproj", "{9E6061D3-F32E-4CD6-AAC9-D54042DBA523}"
EndProject
Global
	GlobalSection(SolutionConfigurationPlatforms) = preSolution
		Debug|Any CPU = Debug|Any CPU
		Debug|x64 = Debug|x64
		Debug|x86 = Debug|x86
		Release|Any CPU = Release|Any CPU
		Release|x64 = Release|x64
		Release|x86 = Release|x86
	EndGlobalSection
	GlobalSection(ProjectConfigurationPlatforms) = postSolution
		{2620AF9A-3BB9-4C20-BC88-EF90B649E820}.Debug|Any CPU.ActiveCfg = Debug|Any CPU
		{2620AF9A-3BB9-4C20-BC88-EF90B649E820}.Debug|Any CPU.Build.0 = Debug|Any CPU
		{2620AF9A-3BB9-4C20-BC88-EF90B649E820}.Debug|x64.ActiveCfg = Debug|Any CPU
		{2620AF9A-3BB9-4C20-BC88-EF90B649E820}.Debug|x64.Build.0 = Debug|Any CPU
		{2620AF9A-3BB9-4C20-BC88-EF90B649E820}.Debug|x86.ActiveCfg = Debug|Any CPU
		{2620AF9A-3BB9-4C20-BC88-EF90B649E820}.Debug|x86.Build.0 = Debug|Any CPU
		{2620AF9A-3BB9-4C20-BC88-EF90B649E820}.Release|Any CPU.ActiveCfg = Release|Any CPU
		{2620AF9A-3BB9-4C20-BC88-EF90B649E820}.Release|Any CPU.Build.0 = Release|Any CPU
		{2620AF9A-3BB9-4C20-BC88-EF90B649E820}.Release|x64.ActiveCfg = Release|Any CPU
		{2620AF9A-3BB9-4C20-BC88-EF90B649E820}.Release|x64.Build.0 = Release|Any CPU
		{2620AF9A-3BB9-4C20-BC88-EF90B649E820}.Release|x86.ActiveCfg = Release|Any CPU
		{2620AF9A-3BB9-4C20-BC88-EF90B649E820}.Release|x86.Build.0 = Release|Any CPU
		{DEDFBD3E-E90F-4552-B0BB-9734766E790E}.Debug|Any CPU.ActiveCfg = Debug|Any CPU
		{DEDFBD3E-E90F-4552-B0BB-9734766E790E}.Debug|Any CPU.Build.0 = Debug|Any CPU
		{DEDFBD3E-E90F-4552-B0BB-9734766E790E}.Debug|x64.ActiveCfg = Debug|Any CPU
		{DEDFBD3E-E90F-4552-B0BB-9734766E790E}.Debug|x64.Build.0 = Debug|Any CPU
		{DEDFBD3E-E90F-4552-B0BB-9734766E790E}.Debug|x86.ActiveCfg = Debug|Any CPU
		{DEDFBD3E-E90F-4552-B0BB-9734766E790E}.Debug|x86.Build.0 = Debug|Any CPU
		{DEDFBD3E-E90F-4552-B0BB-9734766E790E}.Release|Any CPU.ActiveCfg = Release|Any CPU
		{DEDFBD3E-E90F-4552-B0BB-9734766E790E}.Release|Any CPU.Build.0 = Release|Any CPU
		{DEDFBD3E-E90F-4552-B0BB-9734766E790E}.Release|x64.ActiveCfg = Release|Any CPU
		{DEDFBD3E-E90F-4552-B0BB-9734766E790E}.Release|x64.Build.0 = Release|Any CPU
		{DEDFBD3E-E90F-4552-B0BB-9734766E790E}.Release|x86.ActiveCfg = Release|Any CPU
		{DEDFBD3E-E90F-4552-B0BB-9734766E790E}.Release|x86.Build.0 = Release|Any CPU
		{07EB2B6E-1B7F-428A-B0AE-EF701CBCA3D4}.Debug|Any CPU.ActiveCfg = Debug|Any CPU
		{07EB2B6E-1B7F-428A-B0AE-EF701CBCA3D4}.Debug|Any CPU.Build.0 = Debug|Any CPU
		{07EB2B6E-1B7F-428A-B0AE-EF701CBCA3D4}.Debug|x64.ActiveCfg = Debug|Any CPU
		{07EB2B6E-1B7F-428A-B0AE-EF701CBCA3D4}.Debug|x64.Build.0 = Debug|Any CPU
		{07EB2B6E-1B7F-428A-B0AE-EF701CBCA3D4}.Debug|x86.ActiveCfg = Debug|Any CPU
		{07EB2B6E-1B7F-428A-B0AE-EF701CBCA3D4}.Debug|x86.Build.0 = Debug|Any CPU
		{07EB2B6E-1B7F-428A-B0AE-EF701CBCA3D4}.Release|Any CPU.ActiveCfg = Release|Any CPU
		{07EB2B6E-1B7F-428A-B0AE-EF701CBCA3D4}.Release|Any CPU.Build.0 = Release|Any CPU
		{07EB2B6E-1B7F-428A-B0AE-EF701CBCA3D4}.Release|x64.ActiveCfg = Release|Any CPU
		{07EB2B6E-1B7F-428A-B0AE-EF701CBCA3D4}.Release|x64.Build.0 = Release|Any CPU
		{07EB2B6E-1B7F-428A-B0AE-EF701CBCA3D4}.Release|x86.ActiveCfg = Release|Any CPU
		{07EB2B6E-1B7F-428A-B0AE-EF701CBCA3D4}.Release|x86.Build.0 = Release|Any CPU
		{0EE9DE29-23D5-421F-9FF8-D3715EC09F27}.Debug|Any CPU.ActiveCfg = Debug|Any CPU
		{0EE9DE29-23D5-421F-9FF8-D3715EC09F27}.Debug|Any CPU.Build.0 = Debug|Any CPU
		{0EE9DE29-23D5-421F-9FF8-D3715EC09F27}.Debug|x64.ActiveCfg = Debug|Any CPU
		{0EE9DE29-23D5-421F-9FF8-D3715EC09F27}.Debug|x64.Build.0 = Debug|Any CPU
		{0EE9DE29-23D5-421F-9FF8-D3715EC09F27}.Debug|x86.ActiveCfg = Debug|Any CPU
		{0EE9DE29-23D5-421F-9FF8-D3715EC09F27}.Debug|x86.Build.0 = Debug|Any CPU
		{0EE9DE29-23D5-421F-9FF8-D3715EC09F27}.Release|Any CPU.ActiveCfg = Release|Any CPU
		{0EE9DE29-23D5-421F-9FF8-D3715EC09F27}.Release|Any CPU.Build.0 = Release|Any CPU
		{0EE9DE29-23D5-421F-9FF8-D3715EC09F27}.Release|x64.ActiveCfg = Release|Any CPU
		{0EE9DE29-23D5-421F-9FF8-D3715EC09F27}.Release|x64.Build.0 = Release|Any CPU
		{0EE9DE29-23D5-421F-9FF8-D3715EC09F27}.Release|x86.ActiveCfg = Release|Any CPU
		{0EE9DE29-23D5-421F-9FF8-D3715EC09F27}.Release|x86.Build.0 = Release|Any CPU
		{8F81F034-1BAA-49E4-BEED-F36918448048}.Debug|Any CPU.ActiveCfg = Debug|Any CPU
		{8F81F034-1BAA-49E4-BEED-F36918448048}.Debug|Any CPU.Build.0 = Debug|Any CPU
		{8F81F034-1BAA-49E4-BEED-F36918448048}.Debug|x64.ActiveCfg = Debug|Any CPU
		{8F81F034-1BAA-49E4-BEED-F36918448048}.Debug|x64.Build.0 = Debug|Any CPU
		{8F81F034-1BAA-49E4-BEED-F36918448048}.Debug|x86.ActiveCfg = Debug|Any CPU
		{8F81F034-1BAA-49E4-BEED-F36918448048}.Debug|x86.Build.0 = Debug|Any CPU
		{8F81F034-1BAA-49E4-BEED-F36918448048}.Release|Any CPU.ActiveCfg = Release|Any CPU
		{8F81F034-1BAA-49E4-BEED-F36918448048}.Release|Any CPU.Build.0 = Release|Any CPU
		{8F81F034-1BAA-49E4-BEED-F36918448048}.Release|x64.ActiveCfg = Release|Any CPU
		{8F81F034-1BAA-49E4-BEED-F36918448048}.Release|x64.Build.0 = Release|Any CPU
		{8F81F034-1BAA-49E4-BEED-F36918448048}.Release|x86.ActiveCfg = Release|Any CPU
		{8F81F034-1BAA-49E4-BEED-F36918448048}.Release|x86.Build.0 = Release|Any CPU
		{8D55A1FB-4C2D-4B95-9F86-552860152366}.Debug|Any CPU.ActiveCfg = Debug|Any CPU
		{8D55A1FB-4C2D-4B95-9F86-552860152366}.Debug|Any CPU.Build.0 = Debug|Any CPU
		{8D55A1FB-4C2D-4B95-9F86-552860152366}.Debug|x64.ActiveCfg = Debug|Any CPU
		{8D55A1FB-4C2D-4B95-9F86-552860152366}.Debug|x64.Build.0 = Debug|Any CPU
		{8D55A1FB-4C2D-4B95-9F86-552860152366}.Debug|x86.ActiveCfg = Debug|Any CPU
		{8D55A1FB-4C2D-4B95-9F86-552860152366}.Debug|x86.Build.0 = Debug|Any CPU
		{8D55A1FB-4C2D-4B95-9F86-552860152366}.Release|Any CPU.ActiveCfg = Release|Any CPU
		{8D55A1FB-4C2D-4B95-9F86-552860152366}.Release|Any CPU.Build.0 = Release|Any CPU
		{8D55A1FB-4C2D-4B95-9F86-552860152366}.Release|x64.ActiveCfg = Release|Any CPU
		{8D55A1FB-4C2D-4B95-9F86-552860152366}.Release|x64.Build.0 = Release|Any CPU
		{8D55A1FB-4C2D-4B95-9F86-552860152366}.Release|x86.ActiveCfg = Release|Any CPU
		{8D55A1FB-4C2D-4B95-9F86-552860152366}.Release|x86.Build.0 = Release|Any CPU
		{C9272B6B-2872-4A11-A4A4-C58F934CEECE}.Debug|Any CPU.ActiveCfg = Debug|Any CPU
		{C9272B6B-2872-4A11-A4A4-C58F934CEECE}.Debug|Any CPU.Build.0 = Debug|Any CPU
		{C9272B6B-2872-4A11-A4A4-C58F934CEECE}.Debug|x64.ActiveCfg = Debug|Any CPU
		{C9272B6B-2872-4A11-A4A4-C58F934CEECE}.Debug|x64.Build.0 = Debug|Any CPU
		{C9272B6B-2872-4A11-A4A4-C58F934CEECE}.Debug|x86.ActiveCfg = Debug|Any CPU
		{C9272B6B-2872-4A11-A4A4-C58F934CEECE}.Debug|x86.Build.0 = Debug|Any CPU
		{C9272B6B-2872-4A11-A4A4-C58F934CEECE}.Release|Any CPU.ActiveCfg = Release|Any CPU
		{C9272B6B-2872-4A11-A4A4-C58F934CEECE}.Release|Any CPU.Build.0 = Release|Any CPU
		{C9272B6B-2872-4A11-A4A4-C58F934CEECE}.Release|x64.ActiveCfg = Release|Any CPU
		{C9272B6B-2872-4A11-A4A4-C58F934CEECE}.Release|x64.Build.0 = Release|Any CPU
		{C9272B6B-2872-4A11-A4A4-C58F934CEECE}.Release|x86.ActiveCfg = Release|Any CPU
		{C9272B6B-2872-4A11-A4A4-C58F934CEECE}.Release|x86.Build.0 = Release|Any CPU
		{9E6061D3-F32E-4CD6-AAC9-D54042DBA523}.Debug|Any CPU.ActiveCfg = Debug|Any CPU
		{9E6061D3-F32E-4CD6-AAC9-D54042DBA523}.Debug|Any CPU.Build.0 = Debug|Any CPU
		{9E6061D3-F32E-4CD6-AAC9-D54042DBA523}.Debug|x64.ActiveCfg = Debug|Any CPU
		{9E6061D3-F32E-4CD6-AAC9-D54042DBA523}.Debug|x64.Build.0 = Debug|Any CPU
		{9E6061D3-F32E-4CD6-AAC9-D54042DBA523}.Debug|x86.ActiveCfg = Debug|Any CPU
		{9E6061D3-F32E-4CD6-AAC9-D54042DBA523}.Debug|x86.Build.0 = Debug|Any CPU
		{9E6061D3-F32E-4CD6-AAC9-D54042DBA523}.Release|Any CPU.ActiveCfg = Release|Any CPU
		{9E6061D3-F32E-4CD6-AAC9-D54042DBA523}.Release|Any CPU.Build.0 = Release|Any CPU
		{9E6061D3-F32E-4CD6-AAC9-D54042DBA523}.Release|x64.ActiveCfg = Release|Any CPU
		{9E6061D3-F32E-4CD6-AAC9-D54042DBA523}.Release|x64.Build.0 = Release|Any CPU
		{9E6061D3-F32E-4CD6-AAC9-D54042DBA523}.Release|x86.ActiveCfg = Release|Any CPU
		{9E6061D3-F32E-4CD6-AAC9-D54042DBA523}.Release|x86.Build.0 = Release|Any CPU
	EndGlobalSection
	GlobalSection(SolutionProperties) = preSolution
		HideSolutionNode = FALSE
	EndGlobalSection
	GlobalSection(NestedProjects) = preSolution
		{2620AF9A-3BB9-4C20-BC88-EF90B649E820} = {827E0CD3-B72D-47B6-A68D-7590B98EB39B}
		{DEDFBD3E-E90F-4552-B0BB-9734766E790E} = {E4D06EF3-4A34-0221-57B6-390073E3859C}
		{07EB2B6E-1B7F-428A-B0AE-EF701CBCA3D4} = {0AB3BF05-4346-4AA6-1389-037BE0695223}
		{0EE9DE29-23D5-421F-9FF8-D3715EC09F27} = {0AB3BF05-4346-4AA6-1389-037BE0695223}
		{8F81F034-1BAA-49E4-BEED-F36918448048} = {0AB3BF05-4346-4AA6-1389-037BE0695223}
		{8D55A1FB-4C2D-4B95-9F86-552860152366} = {0AB3BF05-4346-4AA6-1389-037BE0695223}
		{C9272B6B-2872-4A11-A4A4-C58F934CEECE} = {0AB3BF05-4346-4AA6-1389-037BE0695223}
		{9E6061D3-F32E-4CD6-AAC9-D54042DBA523} = {E927F87B-A585-A586-52B2-1371051E189F}
	EndGlobalSection
EndGlobal
